
Microsoft Visual Studio Solution File, Format Version 12.00
# Visual Studio Version 17
VisualStudioVersion = 17.5.33502.453
MinimumVisualStudioVersion = 10.0.40219.1
Project("{9A19103F-16F7-4668-BE54-9A1E7A4F7556}") = "TuristCoreProje", "TuristCoreProje\TuristCoreProje.csproj", "{06292A8A-1B38-46E2-BF39-697ADA210EC1}"
EndProject
Project("{9A19103F-16F7-4668-BE54-9A1E7A4F7556}") = "EntityLayer", "EntityLayer\EntityLayer.csproj", "{977546F7-7AFC-4F79-9683-5FDE4133CEDA}"
EndProject
Project("{9A19103F-16F7-4668-BE54-9A1E7A4F7556}") = "DataAccessLayer", "DataAccessLayer\DataAccessLayer.csproj", "{6E517988-A986-4097-BB68-8989630A6BA1}"
EndProject
Project("{9A19103F-16F7-4668-BE54-9A1E7A4F7556}") = "BusinessLayer", "BusinessLayer\BusinessLayer.csproj", "{949AA82E-2D91-4165-880F-DAA8FDA16AD7}"
EndProject
Project("{FAE04EC0-301F-11D3-BF4B-00C04F79EFBC}") = "DTOLayer", "DTOLayer\DTOLayer.csproj", "{1CD21119-112A-40C9-BF01-010006A2FC02}"
EndProject
Global
	GlobalSection(SolutionConfigurationPlatforms) = preSolution
		Debug|Any CPU = Debug|Any CPU
		Release|Any CPU = Release|Any CPU
	EndGlobalSection
	GlobalSection(ProjectConfigurationPlatforms) = postSolution
		{06292A8A-1B38-46E2-BF39-697ADA210EC1}.Debug|Any CPU.ActiveCfg = Debug|Any CPU
		{06292A8A-1B38-46E2-BF39-697ADA210EC1}.Debug|Any CPU.Build.0 = Debug|Any CPU
		{06292A8A-1B38-46E2-BF39-697ADA210EC1}.Release|Any CPU.ActiveCfg = Release|Any CPU
		{06292A8A-1B38-46E2-BF39-697ADA210EC1}.Release|Any CPU.Build.0 = Release|Any CPU
		{977546F7-7AFC-4F79-9683-5FDE4133CEDA}.Debug|Any CPU.ActiveCfg = Debug|Any CPU
		{977546F7-7AFC-4F79-9683-5FDE4133CEDA}.Debug|Any CPU.Build.0 = Debug|Any CPU
		{977546F7-7AFC-4F79-9683-5FDE4133CEDA}.Release|Any CPU.ActiveCfg = Release|Any CPU
		{977546F7-7AFC-4F79-9683-5FDE4133CEDA}.Release|Any CPU.Build.0 = Release|Any CPU
		{6E517988-A986-4097-BB68-8989630A6BA1}.Debug|Any CPU.ActiveCfg = Debug|Any CPU
		{6E517988-A986-4097-BB68-8989630A6BA1}.Debug|Any CPU.Build.0 = Debug|Any CPU
		{6E517988-A986-4097-BB68-8989630A6BA1}.Release|Any CPU.ActiveCfg = Release|Any CPU
		{6E517988-A986-4097-BB68-8989630A6BA1}.Release|Any CPU.Build.0 = Release|Any CPU
		{949AA82E-2D91-4165-880F-DAA8FDA16AD7}.Debug|Any CPU.ActiveCfg = Debug|Any CPU
		{949AA82E-2D91-4165-880F-DAA8FDA16AD7}.Debug|Any CPU.Build.0 = Debug|Any CPU
		{949AA82E-2D91-4165-880F-DAA8FDA16AD7}.Release|Any CPU.ActiveCfg = Release|Any CPU
		{949AA82E-2D91-4165-880F-DAA8FDA16AD7}.Release|Any CPU.Build.0 = Release|Any CPU
		{1CD21119-112A-40C9-BF01-010006A2FC02}.Debug|Any CPU.ActiveCfg = Debug|Any CPU
		{1CD21119-112A-40C9-BF01-010006A2FC02}.Debug|Any CPU.Build.0 = Debug|Any CPU
		{1CD21119-112A-40C9-BF01-010006A2FC02}.Release|Any CPU.ActiveCfg = Release|Any CPU
		{1CD21119-112A-40C9-BF01-010006A2FC02}.Release|Any CPU.Build.0 = Release|Any CPU
	EndGlobalSection
	GlobalSection(SolutionProperties) = preSolution
		HideSolutionNode = FALSE
	EndGlobalSection
	GlobalSection(ExtensibilityGlobals) = postSolution
		SolutionGuid = {7EA615A8-25D8-4E36-8EC7-BE6D3A224841}
	EndGlobalSection
EndGlobal
